// !$*UTF8*$!
{
	archiveVersion = 1;
	classes = {
	};
	objectVersion = 77;
	objects = {

/* Begin PBXBuildFile section */
		CD121C372FE3062700BDF787 /* FD808AU.appex in Embed Foundation Extensions */ = {isa = PBXBuildFile; fileRef = CD121C0E2FE3062700BDF787 /* FD808AU.appex */; settings = {ATTRIBUTES = (RemoveHeadersOnCopy, ); }; };
		CD121C422FE3088B00BDF787 /* FD808Engine in Frameworks */ = {isa = PBXBuildFile; productRef = CD121C412FE3088B00BDF787 /* FD808Engine */; };
		CD121C4B2FE3190100BDF787 /* FD808Engine in Frameworks */ = {isa = PBXBuildFile; productRef = CD121C4A2FE3190100BDF787 /* FD808Engine */; };
		CD121C4D2FE3191600BDF787 /* FD808Engine in Frameworks */ = {isa = PBXBuildFile; productRef = CD121C4C2FE3191600BDF787 /* FD808Engine */; };
		CDA17C0FFEE0000000000002 /* LinkKit.xcframework in Frameworks */ = {isa = PBXBuildFile; fileRef = CDA17C0FFEE0000000000001 /* LinkKit.xcframework */; };
		EE0000000000000000000005 /* PianoRoll in Frameworks */ = {isa = PBXBuildFile; productRef = EE0000000000000000000003 /* PianoRoll */; };
		EE0000000000000000000006 /* Waveform in Frameworks */ = {isa = PBXBuildFile; productRef = EE0000000000000000000004 /* Waveform */; };
/* End PBXBuildFile section */

/* Begin PBXContainerItemProxy section */
		CD121C352FE3062700BDF787 /* PBXContainerItemProxy */ = {
			isa = PBXContainerItemProxy;
			containerPortal = CD8A94912FDFBF7C0019294D /* Project object */;
			proxyType = 1;
			remoteGlobalIDString = CD121C0D2FE3062700BDF787;
			remoteInfo = FD808AU;
		};
		CD8A94A92FDFBF7E0019294D /* PBXContainerItemProxy */ = {
			isa = PBXContainerItemProxy;
			containerPortal = CD8A94912FDFBF7C0019294D /* Project object */;
			proxyType = 1;
			remoteGlobalIDString = CD8A94982FDFBF7C0019294D;
			remoteInfo = "FB-808";
		};
		CD8A94B32FDFBF7E0019294D /* PBXContainerItemProxy */ = {
			isa = PBXContainerItemProxy;
			containerPortal = CD8A94912FDFBF7C0019294D /* Project object */;
			proxyType = 1;
			remoteGlobalIDString = CD8A94982FDFBF7C0019294D;
			remoteInfo = "FB-808";
		};
/* End PBXContainerItemProxy section */

/* Begin PBXCopyFilesBuildPhase section */
		CD121C382FE3062700BDF787 /* Embed Foundation Extensions */ = {
			isa = PBXCopyFilesBuildPhase;
			buildActionMask = 2147483647;
			dstPath = "";
			dstSubfolderSpec = 13;
			files = (
				CD121C372FE3062700BDF787 /* FD808AU.appex in Embed Foundation Extensions */,
			);
			name = "Embed Foundation Extensions";
			runOnlyForDeploymentPostprocessing = 0;
		};
/* End PBXCopyFilesBuildPhase section */

/* Begin PBXFileReference section */
		CD121C0E2FE3062700BDF787 /* FD808AU.appex */ = {isa = PBXFileReference; explicitFileType = "wrapper.app-extension"; includeInIndex = 0; path = FD808AU.appex; sourceTree = BUILT_PRODUCTS_DIR; };
		CD8A94992FDFBF7C0019294D /* FB-808.app */ = {isa = PBXFileReference; explicitFileType = wrapper.application; includeInIndex = 0; path = "FB-808.app"; sourceTree = BUILT_PRODUCTS_DIR; };
		CD8A94A82FDFBF7E0019294D /* FB-808Tests.xctest */ = {isa = PBXFileReference; explicitFileType = wrapper.cfbundle; includeInIndex = 0; path = "FB-808Tests.xctest"; sourceTree = BUILT_PRODUCTS_DIR; };
		CD8A94B22FDFBF7E0019294D /* FB-808UITests.xctest */ = {isa = PBXFileReference; explicitFileType = wrapper.cfbundle; includeInIndex = 0; path = "FB-808UITests.xctest"; sourceTree = BUILT_PRODUCTS_DIR; };
		CDA17C0FFEE0000000000001 /* LinkKit.xcframework */ = {isa = PBXFileReference; lastKnownFileType = wrapper.xcframework; name = LinkKit.xcframework; path = Frameworks/LinkKit.xcframework; sourceTree = SOURCE_ROOT; };
/* End PBXFileReference section */

/* Begin PBXFileSystemSynchronizedBuildFileExceptionSet section */
		CD121C3B2FE3062700BDF787 /* Exceptions for "FD808AU" folder in "FD808AU" target */ = {
			isa = PBXFileSystemSynchronizedBuildFileExceptionSet;
			membershipExceptions = (
				Info.plist,
			);
			target = CD121C0D2FE3062700BDF787 /* FD808AU */;
		};
/* End PBXFileSystemSynchronizedBuildFileExceptionSet section */

/* Begin PBXFileSystemSynchronizedGroupBuildPhaseMembershipExceptionSet section */
		CD121C3D2FE3062700BDF787 /* Exceptions for "FD808AU" folder in "Copy Bundle Resources" phase from "FD808AU" target */ = {
			isa = PBXFileSystemSynchronizedGroupBuildPhaseMembershipExceptionSet;
			buildPhase = CD121C0C2FE3062700BDF787 /* Resources */;
			membershipExceptions = (
				Common/DSP/FD808AUAUProcessHelper.hpp,
				DSP/FD808AUDSPKernel.hpp,
			);
		};
/* End PBXFileSystemSynchronizedGroupBuildPhaseMembershipExceptionSet section */

/* Begin PBXFileSystemSynchronizedRootGroup section */
		CD121C0F2FE3062700BDF787 /* FD808AU */ = {
			isa = PBXFileSystemSynchronizedRootGroup;
			exceptions = (
				CD121C3B2FE3062700BDF787 /* Exceptions for "FD808AU" folder in "FD808AU" target */,
				CD121C3D2FE3062700BDF787 /* Exceptions for "FD808AU" folder in "Copy Bundle Resources" phase from "FD808AU" target */,
			);
			path = FD808AU;
			sourceTree = "<group>";
		};
		CD8A949B2FDFBF7C0019294D /* FB-808 */ = {
			isa = PBXFileSystemSynchronizedRootGroup;
			path = "FB-808";
			sourceTree = "<group>";
		};
		CD8A94AB2FDFBF7E0019294D /* FB-808Tests */ = {
			isa = PBXFileSystemSynchronizedRootGroup;
			path = "FB-808Tests";
			sourceTree = "<group>";
		};
		CD8A94B52FDFBF7E0019294D /* FB-808UITests */ = {
			isa = PBXFileSystemSynchronizedRootGroup;
			path = "FB-808UITests";
			sourceTree = "<group>";
		};
/* End PBXFileSystemSynchronizedRootGroup section */

/* Begin PBXFrameworksBuildPhase section */
		CD121C0B2FE3062700BDF787 /* Frameworks */ = {
			isa = PBXFrameworksBuildPhase;
			buildActionMask = 2147483647;
			files = (
				CD121C4D2FE3191600BDF787 /* FD808Engine in Frameworks */,
			);
			runOnlyForDeploymentPostprocessing = 0;
		};
		CD8A94962FDFBF7C0019294D /* Frameworks */ = {
			isa = PBXFrameworksBuildPhase;
			buildActionMask = 2147483647;
			files = (
				CD121C422FE3088B00BDF787 /* FD808Engine in Frameworks */,
				CD121C4B2FE3190100BDF787 /* FD808Engine in Frameworks */,
				CDA17C0FFEE0000000000002 /* LinkKit.xcframework in Frameworks */,
				EE0000000000000000000005 /* PianoRoll in Frameworks */,
				EE0000000000000000000006 /* Waveform in Frameworks */,
			);
			runOnlyForDeploymentPostprocessing = 0;
		};
		CD8A94A52FDFBF7E0019294D /* Frameworks */ = {
			isa = PBXFrameworksBuildPhase;
			buildActionMask = 2147483647;
			files = (
			);
			runOnlyForDeploymentPostprocessing = 0;
		};
		CD8A94AF2FDFBF7E0019294D /* Frameworks */ = {
			isa = PBXFrameworksBuildPhase;
			buildActionMask = 2147483647;
			files = (
			);
			runOnlyForDeploymentPostprocessing = 0;
		};
/* End PBXFrameworksBuildPhase section */

/* Begin PBXGroup section */
		CD121C432FE30D6200BDF787 /* Frameworks */ = {
			isa = PBXGroup;
			children = (
				CDA17C0FFEE0000000000001 /* LinkKit.xcframework */,
			);
			name = Frameworks;
			sourceTree = "<group>";
		};
		CD8A94902FDFBF7C0019294D = {
			isa = PBXGroup;
			children = (
				CD8A949B2FDFBF7C0019294D /* FB-808 */,
				CD8A94AB2FDFBF7E0019294D /* FB-808Tests */,
				CD8A94B52FDFBF7E0019294D /* FB-808UITests */,
				CD121C0F2FE3062700BDF787 /* FD808AU */,
				CD121C432FE30D6200BDF787 /* Frameworks */,
				CD8A949A2FDFBF7C0019294D /* Products */,
			);
			sourceTree = "<group>";
		};
		CD8A949A2FDFBF7C0019294D /* Products */ = {
			isa = PBXGroup;
			children = (
				CD8A94992FDFBF7C0019294D /* FB-808.app */,
				CD8A94A82FDFBF7E0019294D /* FB-808Tests.xctest */,
				CD8A94B22FDFBF7E0019294D /* FB-808UITests.xctest */,
				CD121C0E2FE3062700BDF787 /* FD808AU.appex */,
			);
			name = Products;
			sourceTree = "<group>";
		};
/* End PBXGroup section */

/* Begin PBXNativeTarget section */
		CD121C0D2FE3062700BDF787 /* FD808AU */ = {
			isa = PBXNativeTarget;
			buildConfigurationList = CD121C3C2FE3062700BDF787 /* Build configuration list for PBXNativeTarget "FD808AU" */;
			buildPhases = (
				CD121C0A2FE3062700BDF787 /* Sources */,
				CD121C0B2FE3062700BDF787 /* Frameworks */,
				CD121C0C2FE3062700BDF787 /* Resources */,
			);
			buildRules = (
			);
			dependencies = (
			);
			fileSystemSynchronizedGroups = (
				CD121C0F2FE3062700BDF787 /* FD808AU */,
			);
			name = FD808AU;
			packageProductDependencies = (
				CD121C4C2FE3191600BDF787 /* FD808Engine */,
			);
			productName = FD808AU;
			productReference = CD121C0E2FE3062700BDF787 /* FD808AU.appex */;
			productType = "com.apple.product-type.app-extension";
		};
		CD8A94982FDFBF7C0019294D /* FB-808 */ = {
			isa = PBXNativeTarget;
			buildConfigurationList = CD8A94BC2FDFBF7E0019294D /* Build configuration list for PBXNativeTarget "FB-808" */;
			buildPhases = (
				CD8A94952FDFBF7C0019294D /* Sources */,
				CD8A94962FDFBF7C0019294D /* Frameworks */,
				CD8A94972FDFBF7C0019294D /* Resources */,
				CD121C382FE3062700BDF787 /* Embed Foundation Extensions */,
			);
			buildRules = (
			);
			dependencies = (
				CD121C362FE3062700BDF787 /* PBXTargetDependency */,
			);
			fileSystemSynchronizedGroups = (
				CD8A949B2FDFBF7C0019294D /* FB-808 */,
			);
			name = "FB-808";
			packageProductDependencies = (
				CD121C412FE3088B00BDF787 /* FD808Engine */,
				CD121C4A2FE3190100BDF787 /* FD808Engine */,
				EE0000000000000000000003 /* PianoRoll */,
				EE0000000000000000000004 /* Waveform */,
			);
			productName = "FB-808";
			productReference = CD8A94992FDFBF7C0019294D /* FB-808.app */;
			productType = "com.apple.product-type.application";
		};
		CD8A94A72FDFBF7E0019294D /* FB-808Tests */ = {
			isa = PBXNativeTarget;
			buildConfigurationList = CD8A94BF2FDFBF7E0019294D /* Build configuration list for PBXNativeTarget "FB-808Tests" */;
			buildPhases = (
				CD8A94A42FDFBF7E0019294D /* Sources */,
				CD8A94A52FDFBF7E0019294D /* Frameworks */,
				CD8A94A62FDFBF7E0019294D /* Resources */,
			);
			buildRules = (
			);
			dependencies = (
				CD8A94AA2FDFBF7E0019294D /* PBXTargetDependency */,
			);
			fileSystemSynchronizedGroups = (
				CD8A94AB2FDFBF7E0019294D /* FB-808Tests */,
			);
			name = "FB-808Tests";
			packageProductDependencies = (
			);
			productName = "FB-808Tests";
			productReference = CD8A94A82FDFBF7E0019294D /* FB-808Tests.xctest */;
			productType = "com.apple.product-type.bundle.unit-test";
		};
		CD8A94B12FDFBF7E0019294D /* FB-808UITests */ = {
			isa = PBXNativeTarget;
			buildConfigurationList = CD8A94C22FDFBF7E0019294D /* Build configuration list for PBXNativeTarget "FB-808UITests" */;
			buildPhases = (
				CD8A94AE2FDFBF7E0019294D /* Sources */,
				CD8A94AF2FDFBF7E0019294D /* Frameworks */,
				CD8A94B02FDFBF7E0019294D /* Resources */,
			);
			buildRules = (
			);
			dependencies = (
				CD8A94B42FDFBF7E0019294D /* PBXTargetDependency */,
			);
			fileSystemSynchronizedGroups = (
				CD8A94B52FDFBF7E0019294D /* FB-808UITests */,
			);
			name = "FB-808UITests";
			packageProductDependencies = (
			);
			productName = "FB-808UITests";
			productReference = CD8A94B22FDFBF7E0019294D /* FB-808UITests.xctest */;
			productType = "com.apple.product-type.bundle.ui-testing";
		};
/* End PBXNativeTarget section */

/* Begin PBXProject section */
		CD8A94912FDFBF7C0019294D /* Project object */ = {
			isa = PBXProject;
			attributes = {
				BuildIndependentTargetsInParallel = 1;
				LastSwiftUpdateCheck = 2630;
				LastUpgradeCheck = 2630;
				TargetAttributes = {
					CD121C0D2FE3062700BDF787 = {
						CreatedOnToolsVersion = 26.3;
					};
					CD8A94982FDFBF7C0019294D = {
						CreatedOnToolsVersion = 26.3;
					};
					CD8A94A72FDFBF7E0019294D = {
						CreatedOnToolsVersion = 26.3;
						TestTargetID = CD8A94982FDFBF7C0019294D;
					};
					CD8A94B12FDFBF7E0019294D = {
						CreatedOnToolsVersion = 26.3;
						TestTargetID = CD8A94982FDFBF7C0019294D;
					};
				};
			};
			buildConfigurationList = CD8A94942FDFBF7C0019294D /* Build configuration list for PBXProject "FB-808" */;
			developmentRegion = en;
			hasScannedForEncodings = 0;
			knownRegions = (
				en,
				Base,
			);
			mainGroup = CD8A94902FDFBF7C0019294D;
			minimizedProjectReferenceProxies = 1;
			packageReferences = (
				CD121C492FE3190100BDF787 /* XCLocalSwiftPackageReference "../FD808Engine" */,
				EE0000000000000000000001 /* XCLocalSwiftPackageReference "../PianoRoll" */,
				EE0000000000000000000002 /* XCLocalSwiftPackageReference "../Waveform" */,
			);
			preferredProjectObjectVersion = 77;
			productRefGroup = CD8A949A2FDFBF7C0019294D /* Products */;
			projectDirPath = "";
			projectRoot = "";
			targets = (
				CD8A94982FDFBF7C0019294D /* FB-808 */,
				CD8A94A72FDFBF7E0019294D /* FB-808Tests */,
				CD8A94B12FDFBF7E0019294D /* FB-808UITests */,
				CD121C0D2FE3062700BDF787 /* FD808AU */,
			);
		};
/* End PBXProject section */

/* Begin PBXResourcesBuildPhase section */
		CD121C0C2FE3062700BDF787 /* Resources */ = {
			isa = PBXResourcesBuildPhase;
			buildActionMask = 2147483647;
			files = (
			);
			runOnlyForDeploymentPostprocessing = 0;
		};
		CD8A94972FDFBF7C0019294D /* Resources */ = {
			isa = PBXResourcesBuildPhase;
			buildActionMask = 2147483647;
			files = (
			);
			runOnlyForDeploymentPostprocessing = 0;
		};
		CD8A94A62FDFBF7E0019294D /* Resources */ = {
			isa = PBXResourcesBuildPhase;
			buildActionMask = 2147483647;
			files = (
			);
			runOnlyForDeploymentPostprocessing = 0;
		};
		CD8A94B02FDFBF7E0019294D /* Resources */ = {
			isa = PBXResourcesBuildPhase;
			buildActionMask = 2147483647;
			files = (
			);
			runOnlyForDeploymentPostprocessing = 0;
		};
/* End PBXResourcesBuildPhase section */

/* Begin PBXSourcesBuildPhase section */
		CD121C0A2FE3062700BDF787 /* Sources */ = {
			isa = PBXSourcesBuildPhase;
			buildActionMask = 2147483647;
			files = (
			);
			runOnlyForDeploymentPostprocessing = 0;
		};
		CD8A94952FDFBF7C0019294D /* Sources */ = {
			isa = PBXSourcesBuildPhase;
			buildActionMask = 2147483647;
			files = (
			);
			runOnlyForDeploymentPostprocessing = 0;
		};
		CD8A94A42FDFBF7E0019294D /* Sources */ = {
			isa = PBXSourcesBuildPhase;
			buildActionMask = 2147483647;
			files = (
			);
			runOnlyForDeploymentPostprocessing = 0;
		};
		CD8A94AE2FDFBF7E0019294D /* Sources */ = {
			isa = PBXSourcesBuildPhase;
			buildActionMask = 2147483647;
			files = (
			);
			runOnlyForDeploymentPostprocessing = 0;
		};
/* End PBXSourcesBuildPhase section */

/* Begin PBXTargetDependency section */
		CD121C362FE3062700BDF787 /* PBXTargetDependency */ = {
			isa = PBXTargetDependency;
			target = CD121C0D2FE3062700BDF787 /* FD808AU */;
			targetProxy = CD121C352FE3062700BDF787 /* PBXContainerItemProxy */;
		};
		CD8A94AA2FDFBF7E0019294D /* PBXTargetDependency */ = {
			isa = PBXTargetDependency;
			target = CD8A94982FDFBF7C0019294D /* FB-808 */;
			targetProxy = CD8A94A92FDFBF7E0019294D /* PBXContainerItemProxy */;
		};
		CD8A94B42FDFBF7E0019294D /* PBXTargetDependency */ = {
			isa = PBXTargetDependency;
			target = CD8A94982FDFBF7C0019294D /* FB-808 */;
			targetProxy = CD8A94B32FDFBF7E0019294D /* PBXContainerItemProxy */;
		};
/* End PBXTargetDependency section */

/* Begin XCBuildConfiguration section */
		CD121C392FE3062700BDF787 /* Debug */ = {
			isa = XCBuildConfiguration;
			buildSettings = {
				CLANG_CXX_LANGUAGE_STANDARD = "c++20";
				CLANG_CXX_LIBRARY = "libc++";
				CODE_SIGN_ENTITLEMENTS = FD808AU/FD808AU.entitlements;
				CODE_SIGN_STYLE = Automatic;
				CURRENT_PROJECT_VERSION = 1;
				DEVELOPMENT_TEAM = ND325FQRD5;
				ENABLE_APP_SANDBOX = YES;
				ENABLE_HARDENED_RUNTIME = YES;
				ENABLE_USER_SELECTED_FILES = readonly;
				GENERATE_INFOPLIST_FILE = YES;
				INFOPLIST_FILE = FD808AU/Info.plist;
				INFOPLIST_KEY_CFBundleDisplayName = FD808AU;
				INFOPLIST_KEY_NSHumanReadableCopyright = "";
				IPHONEOS_DEPLOYMENT_TARGET = 26.2;
				LD_RUNPATH_SEARCH_PATHS = (
					"$(inherited)",
					"@executable_path/Frameworks",
					"@executable_path/../../Frameworks",
				);
				"LD_RUNPATH_SEARCH_PATHS[sdk=macosx*]" = (
					"$(inherited)",
					"@executable_path/../Frameworks",
					"@executable_path/../../../../Frameworks",
				);
				MACOSX_DEPLOYMENT_TARGET = 26.2;
				MARKETING_VERSION = 1.0;
				PRODUCT_BUNDLE_IDENTIFIER = "com.FB-808.FD808AU";
				PRODUCT_NAME = "$(TARGET_NAME)";
				REGISTER_APP_GROUPS = YES;
				SDKROOT = auto;
				SKIP_INSTALL = YES;
				STRING_CATALOG_GENERATE_SYMBOLS = YES;
				SUPPORTED_PLATFORMS = "iphoneos iphonesimulator macosx xros xrsimulator";
				SWIFT_APPROACHABLE_CONCURRENCY = YES;
				SWIFT_EMIT_LOC_STRINGS = YES;
				SWIFT_OBJC_BRIDGING_HEADER = "FD808AU/Common/FD808AU-Bridging-Header.h";
				SWIFT_OBJC_INTEROP_MODE = objcxx;
				SWIFT_UPCOMING_FEATURE_MEMBER_IMPORT_VISIBILITY = YES;
				SWIFT_VERSION = 5.0;
				TARGETED_DEVICE_FAMILY = "1,2,7";
				XROS_DEPLOYMENT_TARGET = 26.2;
			};
			name = Debug;
		};
		CD121C3A2FE3062700BDF787 /* Release */ = {
			isa = XCBuildConfiguration;
			buildSettings = {
				CLANG_CXX_LANGUAGE_STANDARD = "c++20";
				CLANG_CXX_LIBRARY = "libc++";
				CODE_SIGN_ENTITLEMENTS = FD808AU/FD808AU.entitlements;
				CODE_SIGN_STYLE = Automatic;
				CURRENT_PROJECT_VERSION = 1;
				DEVELOPMENT_TEAM = ND325FQRD5;
				ENABLE_APP_SANDBOX = YES;
				ENABLE_HARDENED_RUNTIME = YES;
				ENABLE_USER_SELECTED_FILES = readonly;
				GENERATE_INFOPLIST_FILE = YES;
				INFOPLIST_FILE = FD808AU/Info.plist;
				INFOPLIST_KEY_CFBundleDisplayName = FD808AU;
				INFOPLIST_KEY_NSHumanReadableCopyright = "";
				IPHONEOS_DEPLOYMENT_TARGET = 26.2;
				LD_RUNPATH_SEARCH_PATHS = (
					"$(inherited)",
					"@executable_path/Frameworks",
					"@executable_path/../../Frameworks",
				);
				"LD_RUNPATH_SEARCH_PATHS[sdk=macosx*]" = (
					"$(inherited)",
					"@executable_path/../Frameworks",
					"@executable_path/../../../../Frameworks",
				);
				MACOSX_DEPLOYMENT_TARGET = 26.2;
				MARKETING_VERSION = 1.0;
				PRODUCT_BUNDLE_IDENTIFIER = "com.FB-808.FD808AU";
				PRODUCT_NAME = "$(TARGET_NAME)";
				REGISTER_APP_GROUPS = YES;
				SDKROOT = auto;
				SKIP_INSTALL = YES;
				STRING_CATALOG_GENERATE_SYMBOLS = YES;
				SUPPORTED_PLATFORMS = "iphoneos iphonesimulator macosx xros xrsimulator";
				SWIFT_APPROACHABLE_CONCURRENCY = YES;
				SWIFT_EMIT_LOC_STRINGS = YES;
				SWIFT_OBJC_BRIDGING_HEADER = "FD808AU/Common/FD808AU-Bridging-Header.h";
				SWIFT_OBJC_INTEROP_MODE = objcxx;
				SWIFT_UPCOMING_FEATURE_MEMBER_IMPORT_VISIBILITY = YES;
				SWIFT_VERSION = 5.0;
				TARGETED_DEVICE_FAMILY = "1,2,7";
				XROS_DEPLOYMENT_TARGET = 26.2;
			};
			name = Release;
		};
		CD8A94BA2FDFBF7E0019294D /* Debug */ = {
			isa = XCBuildConfiguration;
			buildSettings = {
				ALWAYS_SEARCH_USER_PATHS = NO;
				ASSETCATALOG_COMPILER_GENERATE_SWIFT_ASSET_SYMBOL_EXTENSIONS = YES;
				CLANG_ANALYZER_NONNULL = YES;
				CLANG_ANALYZER_NUMBER_OBJECT_CONVERSION = YES_AGGRESSIVE;
				CLANG_CXX_LANGUAGE_STANDARD = "gnu++20";
				CLANG_ENABLE_MODULES = YES;
				CLANG_ENABLE_OBJC_ARC = YES;
				CLANG_ENABLE_OBJC_WEAK = YES;
				CLANG_WARN_BLOCK_CAPTURE_AUTORELEASING = YES;
				CLANG_WARN_BOOL_CONVERSION = YES;
				CLANG_WARN_COMMA = YES;
				CLANG_WARN_CONSTANT_CONVERSION = YES;
				CLANG_WARN_DEPRECATED_OBJC_IMPLEMENTATIONS = YES;
				CLANG_WARN_DIRECT_OBJC_ISA_USAGE = YES_ERROR;
				CLANG_WARN_DOCUMENTATION_COMMENTS = YES;
				CLANG_WARN_EMPTY_BODY = YES;
				CLANG_WARN_ENUM_CONVERSION = YES;
				CLANG_WARN_INFINITE_RECURSION = YES;
				CLANG_WARN_INT_CONVERSION = YES;
				CLANG_WARN_NON_LITERAL_NULL_CONVERSION = YES;
				CLANG_WARN_OBJC_IMPLICIT_RETAIN_SELF = YES;
				CLANG_WARN_OBJC_LITERAL_CONVERSION = YES;
				CLANG_WARN_OBJC_ROOT_CLASS = YES_ERROR;
				CLANG_WARN_QUOTED_INCLUDE_IN_FRAMEWORK_HEADER = YES;
				CLANG_WARN_RANGE_LOOP_ANALYSIS = YES;
				CLANG_WARN_STRICT_PROTOTYPES = YES;
				CLANG_WARN_SUSPICIOUS_MOVE = YES;
				CLANG_WARN_UNGUARDED_AVAILABILITY = YES_AGGRESSIVE;
				CLANG_WARN_UNREACHABLE_CODE = YES;
				CLANG_WARN__DUPLICATE_METHOD_MATCH = YES;
				COPY_PHASE_STRIP = NO;
				DEBUG_INFORMATION_FORMAT = dwarf;
				DEVELOPMENT_TEAM = ND325FQRD5;
				ENABLE_STRICT_OBJC_MSGSEND = YES;
				ENABLE_TESTABILITY = YES;
				ENABLE_USER_SCRIPT_SANDBOXING = YES;
				GCC_C_LANGUAGE_STANDARD = gnu17;
				GCC_DYNAMIC_NO_PIC = NO;
				GCC_NO_COMMON_BLOCKS = YES;
				GCC_OPTIMIZATION_LEVEL = 0;
				GCC_PREPROCESSOR_DEFINITIONS = (
					"DEBUG=1",
					"$(inherited)",
				);
				GCC_WARN_64_TO_32_BIT_CONVERSION = YES;
				GCC_WARN_ABOUT_RETURN_TYPE = YES_ERROR;
				GCC_WARN_UNDECLARED_SELECTOR = YES;
				GCC_WARN_UNINITIALIZED_AUTOS = YES_AGGRESSIVE;
				GCC_WARN_UNUSED_FUNCTION = YES;
				GCC_WARN_UNUSED_VARIABLE = YES;
				IPHONEOS_DEPLOYMENT_TARGET = 26.2;
				LOCALIZATION_PREFERS_STRING_CATALOGS = YES;
				MTL_ENABLE_DEBUG_INFO = INCLUDE_SOURCE;
				MTL_FAST_MATH = YES;
				ONLY_ACTIVE_ARCH = YES;
				SDKROOT = iphoneos;
				SWIFT_ACTIVE_COMPILATION_CONDITIONS = "DEBUG $(inherited)";
				SWIFT_OPTIMIZATION_LEVEL = "-Onone";
			};
			name = Debug;
		};
		CD8A94BB2FDFBF7E0019294D /* Release */ = {
			isa = XCBuildConfiguration;
			buildSettings = {
				ALWAYS_SEARCH_USER_PATHS = NO;
				ASSETCATALOG_COMPILER_GENERATE_SWIFT_ASSET_SYMBOL_EXTENSIONS = YES;
				CLANG_ANALYZER_NONNULL = YES;
				CLANG_ANALYZER_NUMBER_OBJECT_CONVERSION = YES_AGGRESSIVE;
				CLANG_CXX_LANGUAGE_STANDARD = "gnu++20";
				CLANG_ENABLE_MODULES = YES;
				CLANG_ENABLE_OBJC_ARC = YES;
				CLANG_ENABLE_OBJC_WEAK = YES;
				CLANG_WARN_BLOCK_CAPTURE_AUTORELEASING = YES;
				CLANG_WARN_BOOL_CONVERSION = YES;
				CLANG_WARN_COMMA = YES;
				CLANG_WARN_CONSTANT_CONVERSION = YES;
				CLANG_WARN_DEPRECATED_OBJC_IMPLEMENTATIONS = YES;
				CLANG_WARN_DIRECT_OBJC_ISA_USAGE = YES_ERROR;
				CLANG_WARN_DOCUMENTATION_COMMENTS = YES;
				CLANG_WARN_EMPTY_BODY = YES;
				CLANG_WARN_ENUM_CONVERSION = YES;
				CLANG_WARN_INFINITE_RECURSION = YES;
				CLANG_WARN_INT_CONVERSION = YES;
				CLANG_WARN_NON_LITERAL_NULL_CONVERSION = YES;
				CLANG_WARN_OBJC_IMPLICIT_RETAIN_SELF = YES;
				CLANG_WARN_OBJC_LITERAL_CONVERSION = YES;
				CLANG_WARN_OBJC_ROOT_CLASS = YES_ERROR;
				CLANG_WARN_QUOTED_INCLUDE_IN_FRAMEWORK_HEADER = YES;
				CLANG_WARN_RANGE_LOOP_ANALYSIS = YES;
				CLANG_WARN_STRICT_PROTOTYPES = YES;
				CLANG_WARN_SUSPICIOUS_MOVE = YES;
				CLANG_WARN_UNGUARDED_AVAILABILITY = YES_AGGRESSIVE;
				CLANG_WARN_UNREACHABLE_CODE = YES;
				CLANG_WARN__DUPLICATE_METHOD_MATCH = YES;
				COPY_PHASE_STRIP = NO;
				DEBUG_INFORMATION_FORMAT = "dwarf-with-dsym";
				DEVELOPMENT_TEAM = ND325FQRD5;
				ENABLE_NS_ASSERTIONS = NO;
				ENABLE_STRICT_OBJC_MSGSEND = YES;
				ENABLE_USER_SCRIPT_SANDBOXING = YES;
				GCC_C_LANGUAGE_STANDARD = gnu17;
				GCC_NO_COMMON_BLOCKS = YES;
				GCC_WARN_64_TO_32_BIT_CONVERSION = YES;
				GCC_WARN_ABOUT_RETURN_TYPE = YES_ERROR;
				GCC_WARN_UNDECLARED_SELECTOR = YES;
				GCC_WARN_UNINITIALIZED_AUTOS = YES_AGGRESSIVE;
				GCC_WARN_UNUSED_FUNCTION = YES;
				GCC_WARN_UNUSED_VARIABLE = YES;
				IPHONEOS_DEPLOYMENT_TARGET = 26.2;
				LOCALIZATION_PREFERS_STRING_CATALOGS = YES;
				MTL_ENABLE_DEBUG_INFO = NO;
				MTL_FAST_MATH = YES;
				SDKROOT = iphoneos;
				SWIFT_COMPILATION_MODE = wholemodule;
				VALIDATE_PRODUCT = YES;
			};
			name = Release;
		};
		CD8A94BD2FDFBF7E0019294D /* Debug */ = {
			isa = XCBuildConfiguration;
			buildSettings = {
				ASSETCATALOG_COMPILER_APPICON_NAME = AppIcon;
				ASSETCATALOG_COMPILER_GLOBAL_ACCENT_COLOR_NAME = AccentColor;
				CODE_SIGN_ENTITLEMENTS = "FB-808/FB-808.entitlements";
				CODE_SIGN_STYLE = Automatic;
				CURRENT_PROJECT_VERSION = 1;
				DEVELOPMENT_TEAM = ND325FQRD5;
				ENABLE_PREVIEWS = YES;
				FRAMEWORK_SEARCH_PATHS = (
					"$(inherited)",
					"$(PROJECT_DIR)/Frameworks",
				);
				GENERATE_INFOPLIST_FILE = YES;
				INFOPLIST_KEY_ITSAppUsesNonExemptEncryption = NO;
				INFOPLIST_KEY_NSMicrophoneUsageDescription = "FD-808 uses the microphone so you can record and sample your own audio.";
				INFOPLIST_KEY_UIApplicationSceneManifest_Generation = YES;
				INFOPLIST_KEY_UIApplicationSupportsIndirectInputEvents = YES;
				INFOPLIST_KEY_UILaunchScreen_Generation = YES;
				INFOPLIST_KEY_UISupportedInterfaceOrientations_iPad = "UIInterfaceOrientationLandscapeLeft UIInterfaceOrientationLandscapeRight";
				INFOPLIST_KEY_UISupportedInterfaceOrientations_iPhone = "UIInterfaceOrientationPortrait UIInterfaceOrientationPortraitUpsideDown UIInterfaceOrientationLandscapeLeft UIInterfaceOrientationLandscapeRight";
				LD_RUNPATH_SEARCH_PATHS = (
					"$(inherited)",
					"@executable_path/Frameworks",
				);
				MARKETING_VERSION = 1.0;
				OTHER_LDFLAGS = (
					"$(inherited)",
					"-lc++",
				);
				PRODUCT_BUNDLE_IDENTIFIER = "com.FB-808";
				PRODUCT_NAME = "$(TARGET_NAME)";
				STRING_CATALOG_GENERATE_SYMBOLS = YES;
				SUPPORTED_PLATFORMS = "iphoneos iphonesimulator";
				SUPPORTS_MACCATALYST = NO;
				SWIFT_APPROACHABLE_CONCURRENCY = YES;
				SWIFT_DEFAULT_ACTOR_ISOLATION = MainActor;
				SWIFT_EMIT_LOC_STRINGS = YES;
				SWIFT_OBJC_BRIDGING_HEADER = "FB-808/FB-808-Bridging-Header.h";
				SWIFT_UPCOMING_FEATURE_MEMBER_IMPORT_VISIBILITY = YES;
				SWIFT_VERSION = 5.0;
				TARGETED_DEVICE_FAMILY = 2;
			};
			name = Debug;
		};
		CD8A94BE2FDFBF7E0019294D /* Release */ = {
			isa = XCBuildConfiguration;
			buildSettings = {
				ASSETCATALOG_COMPILER_APPICON_NAME = AppIcon;
				ASSETCATALOG_COMPILER_GLOBAL_ACCENT_COLOR_NAME = AccentColor;
				CODE_SIGN_ENTITLEMENTS = "FB-808/FB-808.entitlements";
				CODE_SIGN_STYLE = Automatic;
				CURRENT_PROJECT_VERSION = 1;
				DEVELOPMENT_TEAM = ND325FQRD5;
				ENABLE_PREVIEWS = YES;
				FRAMEWORK_SEARCH_PATHS = (
					"$(inherited)",
					"$(PROJECT_DIR)/Frameworks",
				);
				GENERATE_INFOPLIST_FILE = YES;
				INFOPLIST_KEY_ITSAppUsesNonExemptEncryption = NO;
				INFOPLIST_KEY_NSMicrophoneUsageDescription = "FD-808 uses the microphone so you can record and sample your own audio.";
				INFOPLIST_KEY_UIApplicationSceneManifest_Generation = YES;
				INFOPLIST_KEY_UIApplicationSupportsIndirectInputEvents = YES;
				INFOPLIST_KEY_UILaunchScreen_Generation = YES;
				INFOPLIST_KEY_UISupportedInterfaceOrientations_iPad = "UIInterfaceOrientationLandscapeLeft UIInterfaceOrientationLandscapeRight";
				INFOPLIST_KEY_UISupportedInterfaceOrientations_iPhone = "UIInterfaceOrientationPortrait UIInterfaceOrientationPortraitUpsideDown UIInterfaceOrientationLandscapeLeft UIInterfaceOrientationLandscapeRight";
				LD_RUNPATH_SEARCH_PATHS = (
					"$(inherited)",
					"@executable_path/Frameworks",
				);
				MARKETING_VERSION = 1.0;
				OTHER_LDFLAGS = (
					"$(inherited)",
					"-lc++",
				);
				PRODUCT_BUNDLE_IDENTIFIER = "com.FB-808";
				PRODUCT_NAME = "$(TARGET_NAME)";
				STRING_CATALOG_GENERATE_SYMBOLS = YES;
				SUPPORTED_PLATFORMS = "iphoneos iphonesimulator";
				SUPPORTS_MACCATALYST = NO;
				SWIFT_APPROACHABLE_CONCURRENCY = YES;
				SWIFT_DEFAULT_ACTOR_ISOLATION = MainActor;
				SWIFT_EMIT_LOC_STRINGS = YES;
				SWIFT_OBJC_BRIDGING_HEADER = "FB-808/FB-808-Bridging-Header.h";
				SWIFT_UPCOMING_FEATURE_MEMBER_IMPORT_VISIBILITY = YES;
				SWIFT_VERSION = 5.0;
				TARGETED_DEVICE_FAMILY = 2;
			};
			name = Release;
		};
		CD8A94C02FDFBF7E0019294D /* Debug */ = {
			isa = XCBuildConfiguration;
			buildSettings = {
				BUNDLE_LOADER = "$(TEST_HOST)";
				CODE_SIGN_STYLE = Automatic;
				CURRENT_PROJECT_VERSION = 1;
				DEVELOPMENT_TEAM = ND325FQRD5;
				GENERATE_INFOPLIST_FILE = YES;
				IPHONEOS_DEPLOYMENT_TARGET = 26.2;
				MARKETING_VERSION = 1.0;
				PRODUCT_BUNDLE_IDENTIFIER = "com.FB-808Tests";
				PRODUCT_NAME = "$(TARGET_NAME)";
				STRING_CATALOG_GENERATE_SYMBOLS = NO;
				SWIFT_APPROACHABLE_CONCURRENCY = YES;
				SWIFT_EMIT_LOC_STRINGS = NO;
				SWIFT_UPCOMING_FEATURE_MEMBER_IMPORT_VISIBILITY = YES;
				SWIFT_VERSION = 5.0;
				TARGETED_DEVICE_FAMILY = "1,2";
				TEST_HOST = "$(BUILT_PRODUCTS_DIR)/FB-808.app/$(BUNDLE_EXECUTABLE_FOLDER_PATH)/FB-808";
			};
			name = Debug;
		};
		CD8A94C12FDFBF7E0019294D /* Release */ = {
			isa = XCBuildConfiguration;
			buildSettings = {
				BUNDLE_LOADER = "$(TEST_HOST)";
				CODE_SIGN_STYLE = Automatic;
				CURRENT_PROJECT_VERSION = 1;
				DEVELOPMENT_TEAM = ND325FQRD5;
				GENERATE_INFOPLIST_FILE = YES;
				IPHONEOS_DEPLOYMENT_TARGET = 26.2;
				MARKETING_VERSION = 1.0;
				PRODUCT_BUNDLE_IDENTIFIER = "com.FB-808Tests";
				PRODUCT_NAME = "$(TARGET_NAME)";
				STRING_CATALOG_GENERATE_SYMBOLS = NO;
				SWIFT_APPROACHABLE_CONCURRENCY = YES;
				SWIFT_EMIT_LOC_STRINGS = NO;
				SWIFT_UPCOMING_FEATURE_MEMBER_IMPORT_VISIBILITY = YES;
				SWIFT_VERSION = 5.0;
				TARGETED_DEVICE_FAMILY = "1,2";
				TEST_HOST = "$(BUILT_PRODUCTS_DIR)/FB-808.app/$(BUNDLE_EXECUTABLE_FOLDER_PATH)/FB-808";
			};
			name = Release;
		};
		CD8A94C32FDFBF7E0019294D /* Debug */ = {
			isa = XCBuildConfiguration;
			buildSettings = {
				CODE_SIGN_STYLE = Automatic;
				CURRENT_PROJECT_VERSION = 1;
				DEVELOPMENT_TEAM = ND325FQRD5;
				GENERATE_INFOPLIST_FILE = YES;
				MARKETING_VERSION = 1.0;
				PRODUCT_BUNDLE_IDENTIFIER = "com.FB-808UITests";
				PRODUCT_NAME = "$(TARGET_NAME)";
				STRING_CATALOG_GENERATE_SYMBOLS = NO;
				SWIFT_APPROACHABLE_CONCURRENCY = YES;
				SWIFT_EMIT_LOC_STRINGS = NO;
				SWIFT_UPCOMING_FEATURE_MEMBER_IMPORT_VISIBILITY = YES;
				SWIFT_VERSION = 5.0;
				TARGETED_DEVICE_FAMILY = "1,2";
				TEST_TARGET_NAME = "FB-808";
			};
			name = Debug;
		};
		CD8A94C42FDFBF7E0019294D /* Release */ = {
			isa = XCBuildConfiguration;
			buildSettings = {
				CODE_SIGN_STYLE = Automatic;
				CURRENT_PROJECT_VERSION = 1;
				DEVELOPMENT_TEAM = ND325FQRD5;
				GENERATE_INFOPLIST_FILE = YES;
				MARKETING_VERSION = 1.0;
				PRODUCT_BUNDLE_IDENTIFIER = "com.FB-808UITests";
				PRODUCT_NAME = "$(TARGET_NAME)";
				STRING_CATALOG_GENERATE_SYMBOLS = NO;
				SWIFT_APPROACHABLE_CONCURRENCY = YES;
				SWIFT_EMIT_LOC_STRINGS = NO;
				SWIFT_UPCOMING_FEATURE_MEMBER_IMPORT_VISIBILITY = YES;
				SWIFT_VERSION = 5.0;
				TARGETED_DEVICE_FAMILY = "1,2";
				TEST_TARGET_NAME = "FB-808";
			};
			name = Release;
		};
/* End XCBuildConfiguration section */

/* Begin XCConfigurationList section */
		CD121C3C2FE3062700BDF787 /* Build configuration list for PBXNativeTarget "FD808AU" */ = {
			isa = XCConfigurationList;
			buildConfigurations = (
				CD121C392FE3062700BDF787 /* Debug */,
				CD121C3A2FE3062700BDF787 /* Release */,
			);
			defaultConfigurationIsVisible = 0;
			defaultConfigurationName = Release;
		};
		CD8A94942FDFBF7C0019294D /* Build configuration list for PBXProject "FB-808" */ = {
			isa = XCConfigurationList;
			buildConfigurations = (
				CD8A94BA2FDFBF7E0019294D /* Debug */,
				CD8A94BB2FDFBF7E0019294D /* Release */,
			);
			defaultConfigurationIsVisible = 0;
			defaultConfigurationName = Release;
		};
		CD8A94BC2FDFBF7E0019294D /* Build configuration list for PBXNativeTarget "FB-808" */ = {
			isa = XCConfigurationList;
			buildConfigurations = (
				CD8A94BD2FDFBF7E0019294D /* Debug */,
				CD8A94BE2FDFBF7E0019294D /* Release */,
			);
			defaultConfigurationIsVisible = 0;
			defaultConfigurationName = Release;
		};
		CD8A94BF2FDFBF7E0019294D /* Build configuration list for PBXNativeTarget "FB-808Tests" */ = {
			isa = XCConfigurationList;
			buildConfigurations = (
				CD8A94C02FDFBF7E0019294D /* Debug */,
				CD8A94C12FDFBF7E0019294D /* Release */,
			);
			defaultConfigurationIsVisible = 0;
			defaultConfigurationName = Release;
		};
		CD8A94C22FDFBF7E0019294D /* Build configuration list for PBXNativeTarget "FB-808UITests" */ = {
			isa = XCConfigurationList;
			buildConfigurations = (
				CD8A94C32FDFBF7E0019294D /* Debug */,
				CD8A94C42FDFBF7E0019294D /* Release */,
			);
			defaultConfigurationIsVisible = 0;
			defaultConfigurationName = Release;
		};
/* End XCConfigurationList section */

/* Begin XCLocalSwiftPackageReference section */
		CD121C492FE3190100BDF787 /* XCLocalSwiftPackageReference "../FD808Engine" */ = {
			isa = XCLocalSwiftPackageReference;
			relativePath = ../FD808Engine;
		};
		EE0000000000000000000001 /* XCLocalSwiftPackageReference "../PianoRoll" */ = {
			isa = XCLocalSwiftPackageReference;
			relativePath = ../PianoRoll;
		};
		EE0000000000000000000002 /* XCLocalSwiftPackageReference "../Waveform" */ = {
			isa = XCLocalSwiftPackageReference;
			relativePath = ../Waveform;
		};
/* End XCLocalSwiftPackageReference section */

/* Begin XCSwiftPackageProductDependency section */
		CD121C412FE3088B00BDF787 /* FD808Engine */ = {
			isa = XCSwiftPackageProductDependency;
			productName = FD808Engine;
		};
		CD121C4A2FE3190100BDF787 /* FD808Engine */ = {
			isa = XCSwiftPackageProductDependency;
			productName = FD808Engine;
		};
		CD121C4C2FE3191600BDF787 /* FD808Engine */ = {
			isa = XCSwiftPackageProductDependency;
			package = CD121C492FE3190100BDF787 /* XCLocalSwiftPackageReference "../FD808Engine" */;
			productName = FD808Engine;
		};
		EE0000000000000000000003 /* PianoRoll */ = {
			isa = XCSwiftPackageProductDependency;
			package = EE0000000000000000000001 /* XCLocalSwiftPackageReference "../PianoRoll" */;
			productName = PianoRoll;
		};
		EE0000000000000000000004 /* Waveform */ = {
			isa = XCSwiftPackageProductDependency;
			package = EE0000000000000000000002 /* XCLocalSwiftPackageReference "../Waveform" */;
			productName = Waveform;
		};
/* End XCSwiftPackageProductDependency section */
	};
	rootObject = CD8A94912FDFBF7C0019294D /* Project object */;
}
